
Microsoft Visual Studio Solution File, Format Version 12.00
# Visual Studio Version 17
VisualStudioVersion = 17.1.32421.90
MinimumVisualStudioVersion = 10.0.40219.1
Project("{FAE04EC0-301F-11D3-BF4B-00C04F79EFBC}") = "UsersApi", "UsersApi\UsersApi.csproj", "{1C727401-2123-40BD-9CE8-54C37365DCD1}"
EndProject
Global
	GlobalSection(SolutionConfigurationPlatforms) = preSolution
		Debug|Any CPU = Debug|Any CPU
		Release|Any CPU = Release|Any CPU
	EndGlobalSection
	GlobalSection(ProjectConfigurationPlatforms) = postSolution
		{1C727401-2123-40BD-9CE8-54C37365DCD1}.Debug|Any CPU.ActiveCfg = Debug|Any CPU
		{1C727401-2123-40BD-9CE8-54C37365DCD1}.Debug|Any CPU.Build.0 = Debug|Any CPU
		{1C727401-2123-40BD-9CE8-54C37365DCD1}.Release|Any CPU.ActiveCfg = Release|Any CPU
		{1C727401-2123-40BD-9CE8-54C37365DCD1}.Release|Any CPU.Build.0 = Release|Any CPU
	EndGlobalSection
	GlobalSection(SolutionProperties) = preSolution
		HideSolutionNode = FALSE
	EndGlobalSection
	GlobalSection(ExtensibilityGlobals) = postSolution
		SolutionGuid = {6FBCD1AB-F12E-4A2B-8C09-48C40E6639E6}
	EndGlobalSection
EndGlobal
